# DO NOT EDIT MANUALLY - Managed by Fern Replay
version: "1.0"
generations:
  - commit_sha: a9cf0efc179bcee59600b45740a8fb468f44bc79
    tree_hash: 7b077ea1539691daeea9057bf676318a8627d6d0
    timestamp: 2026-06-24T07:53:51.170Z
    cli_version: unknown
    generator_versions: {}
  - commit_sha: 48efb3f0323e159baa685ae14818f33523522779
    tree_hash: 01aedcde67c62fa3683f2be36e1b2a11bf852fba
    timestamp: 2026-07-17T09:40:18.918Z
    cli_version: unknown
    generator_versions:
      fernapi/fern-python-sdk: 4.37.0
current_generation: 48efb3f0323e159baa685ae14818f33523522779
patches:
  - id: patch-13d8e068
    content_hash: sha256:97d879ab169016b9abaf1866427a8ebc45af608f69e063a07e5126c9613c329b
    original_commit: 13d8e0683ffa08bcfc9a381eb9604adf5abdbe0b
    original_message: "chore: ignore local venv and planning docs"
    original_author: plutoless <qianze.zhang@hotmail.com>
    base_generation: 48efb3f0323e159baa685ae14818f33523522779
    files:
      - .gitignore
    patch_content: |
      diff --git a/.gitignore b/.gitignore
      index d2e4ca8..3e30921 100644
      --- a/.gitignore
      +++ b/.gitignore
      @@ -3,3 +3,5 @@
       __pycache__/
       dist/
       poetry.toml
      +.venv/
      +docs/superpowers/
    theirs_snapshot:
      .gitignore: |
        .mypy_cache/
        .ruff_cache/
        __pycache__/
        dist/
        poetry.toml
        .venv/
        docs/superpowers/
